
Microsoft Visual Studio Solution File, Format Version 12.00
# Visual Studio Version 16
VisualStudioVersion = 16.0.31613.86
MinimumVisualStudioVersion = 10.0.40219.1
Project("{FAE04EC0-301F-11D3-BF4B-00C04F79EFBC}") = "ExpanderPractice", "ExpanderPractice\ExpanderPractice.csproj", "{5AAFB922-A4C1-460F-8959-6EA5E6CB3ABE}"
EndProject
Global
	GlobalSection(SolutionConfigurationPlatforms) = preSolution
		Debug|Any CPU = Debug|Any CPU
		Release|Any CPU = Release|Any CPU
	EndGlobalSection
	GlobalSection(ProjectConfigurationPlatforms) = postSolution
		{5AAFB922-A4C1-460F-8959-6EA5E6CB3ABE}.Debug|Any CPU.ActiveCfg = Debug|Any CPU
		{5AAFB922-A4C1-460F-8959-6EA5E6CB3ABE}.Debug|Any CPU.Build.0 = Debug|Any CPU
		{5AAFB922-A4C1-460F-8959-6EA5E6CB3ABE}.Release|Any CPU.ActiveCfg = Release|Any CPU
		{5AAFB922-A4C1-460F-8959-6EA5E6CB3ABE}.Release|Any CPU.Build.0 = Release|Any CPU
	EndGlobalSection
	GlobalSection(SolutionProperties) = preSolution
		HideSolutionNode = FALSE
	EndGlobalSection
	GlobalSection(ExtensibilityGlobals) = postSolution
		SolutionGuid = {A14DBB7F-BDA5-4A0C-9686-61628EC25EE0}
	EndGlobalSection
EndGlobal
